
Microsoft Visual Studio Solution File, Format Version 12.00
# Visual Studio 15
VisualStudioVersion = 15.0.26124.0
MinimumVisualStudioVersion = 15.0.26124.0
Project("{2150E333-8FDC-42A3-9474-1A3956D46DE8}") = "src", "src", "{C14746FC-8B7C-45F8-B0BC-57533ED65FF4}"
EndProject
Project("{FAE04EC0-301F-11D3-BF4B-00C04F79EFBC}") = "GradeBook", "src\GradeBook\GradeBook.csproj", "{906246AF-B5D0-4645-A842-30E4A6A0F323}"
EndProject
Project("{2150E333-8FDC-42A3-9474-1A3956D46DE8}") = "test", "test", "{54087E43-4F7B-4F54-BE09-052CCDE5DF58}"
EndProject
Project("{FAE04EC0-301F-11D3-BF4B-00C04F79EFBC}") = "GradeBook.Tests", "test\GradeBook.Tests\GradeBook.Tests.csproj", "{EBBEFE94-CC27-48AB-9362-C9D551C949D0}"
EndProject
Global
	GlobalSection(SolutionConfigurationPlatforms) = preSolution
		Debug|Any CPU = Debug|Any CPU
		Debug|x64 = Debug|x64
		Debug|x86 = Debug|x86
		Release|Any CPU = Release|Any CPU
		Release|x64 = Release|x64
		Release|x86 = Release|x86
	EndGlobalSection
	GlobalSection(SolutionProperties) = preSolution
		HideSolutionNode = FALSE
	EndGlobalSection
	GlobalSection(ProjectConfigurationPlatforms) = postSolution
		{906246AF-B5D0-4645-A842-30E4A6A0F323}.Debug|Any CPU.ActiveCfg = Debug|Any CPU
		{906246AF-B5D0-4645-A842-30E4A6A0F323}.Debug|Any CPU.Build.0 = Debug|Any CPU
		{906246AF-B5D0-4645-A842-30E4A6A0F323}.Debug|x64.ActiveCfg = Debug|Any CPU
		{906246AF-B5D0-4645-A842-30E4A6A0F323}.Debug|x64.Build.0 = Debug|Any CPU
		{906246AF-B5D0-4645-A842-30E4A6A0F323}.Debug|x86.ActiveCfg = Debug|Any CPU
		{906246AF-B5D0-4645-A842-30E4A6A0F323}.Debug|x86.Build.0 = Debug|Any CPU
		{906246AF-B5D0-4645-A842-30E4A6A0F323}.Release|Any CPU.ActiveCfg = Release|Any CPU
		{906246AF-B5D0-4645-A842-30E4A6A0F323}.Release|Any CPU.Build.0 = Release|Any CPU
		{906246AF-B5D0-4645-A842-30E4A6A0F323}.Release|x64.ActiveCfg = Release|Any CPU
		{906246AF-B5D0-4645-A842-30E4A6A0F323}.Release|x64.Build.0 = Release|Any CPU
		{906246AF-B5D0-4645-A842-30E4A6A0F323}.Release|x86.ActiveCfg = Release|Any CPU
		{906246AF-B5D0-4645-A842-30E4A6A0F323}.Release|x86.Build.0 = Release|Any CPU
		{EBBEFE94-CC27-48AB-9362-C9D551C949D0}.Debug|Any CPU.ActiveCfg = Debug|Any CPU
		{EBBEFE94-CC27-48AB-9362-C9D551C949D0}.Debug|Any CPU.Build.0 = Debug|Any CPU
		{EBBEFE94-CC27-48AB-9362-C9D551C949D0}.Debug|x64.ActiveCfg = Debug|Any CPU
		{EBBEFE94-CC27-48AB-9362-C9D551C949D0}.Debug|x64.Build.0 = Debug|Any CPU
		{EBBEFE94-CC27-48AB-9362-C9D551C949D0}.Debug|x86.ActiveCfg = Debug|Any CPU
		{EBBEFE94-CC27-48AB-9362-C9D551C949D0}.Debug|x86.Build.0 = Debug|Any CPU
		{EBBEFE94-CC27-48AB-9362-C9D551C949D0}.Release|Any CPU.ActiveCfg = Release|Any CPU
		{EBBEFE94-CC27-48AB-9362-C9D551C949D0}.Release|Any CPU.Build.0 = Release|Any CPU
		{EBBEFE94-CC27-48AB-9362-C9D551C949D0}.Release|x64.ActiveCfg = Release|Any CPU
		{EBBEFE94-CC27-48AB-9362-C9D551C949D0}.Release|x64.Build.0 = Release|Any CPU
		{EBBEFE94-CC27-48AB-9362-C9D551C949D0}.Release|x86.ActiveCfg = Release|Any CPU
		{EBBEFE94-CC27-48AB-9362-C9D551C949D0}.Release|x86.Build.0 = Release|Any CPU
	EndGlobalSection
	GlobalSection(NestedProjects) = preSolution
		{906246AF-B5D0-4645-A842-30E4A6A0F323} = {C14746FC-8B7C-45F8-B0BC-57533ED65FF4}
		{EBBEFE94-CC27-48AB-9362-C9D551C949D0} = {54087E43-4F7B-4F54-BE09-052CCDE5DF58}
	EndGlobalSection
EndGlobal
